
Microsoft Visual Studio Solution File, Format Version 12.00
# Visual Studio Version 17
VisualStudioVersion = 17.14.36623.8
MinimumVisualStudioVersion = 10.0.40219.1
Project("{FAE04EC0-301F-11D3-BF4B-00C04F79EFBC}") = "MyInsurancePortal", "MyInsurancePortal\MyInsurancePortal.csproj", "{5795D15C-0D18-4EA3-91BA-2FCC52AFC6C9}"
EndProject
Project("{FAE04EC0-301F-11D3-BF4B-00C04F79EFBC}") = "MyInsurancePortalTest", "MyInsurancePortalTest\MyInsurancePortalTest.csproj", "{54AE4D40-7159-4729-8CBD-C40C045DB43F}"
EndProject
Global
	GlobalSection(SolutionConfigurationPlatforms) = preSolution
		Debug|Any CPU = Debug|Any CPU
		Release|Any CPU = Release|Any CPU
	EndGlobalSection
	GlobalSection(ProjectConfigurationPlatforms) = postSolution
		{5795D15C-0D18-4EA3-91BA-2FCC52AFC6C9}.Debug|Any CPU.ActiveCfg = Debug|Any CPU
		{5795D15C-0D18-4EA3-91BA-2FCC52AFC6C9}.Debug|Any CPU.Build.0 = Debug|Any CPU
		{5795D15C-0D18-4EA3-91BA-2FCC52AFC6C9}.Release|Any CPU.ActiveCfg = Release|Any CPU
		{5795D15C-0D18-4EA3-91BA-2FCC52AFC6C9}.Release|Any CPU.Build.0 = Release|Any CPU
		{54AE4D40-7159-4729-8CBD-C40C045DB43F}.Debug|Any CPU.ActiveCfg = Debug|Any CPU
		{54AE4D40-7159-4729-8CBD-C40C045DB43F}.Debug|Any CPU.Build.0 = Debug|Any CPU
		{54AE4D40-7159-4729-8CBD-C40C045DB43F}.Release|Any CPU.ActiveCfg = Release|Any CPU
		{54AE4D40-7159-4729-8CBD-C40C045DB43F}.Release|Any CPU.Build.0 = Release|Any CPU
	EndGlobalSection
	GlobalSection(SolutionProperties) = preSolution
		HideSolutionNode = FALSE
	EndGlobalSection
	GlobalSection(ExtensibilityGlobals) = postSolution
		SolutionGuid = {B70C78B8-D1A4-465B-90FD-012F6A735F7C}
	EndGlobalSection
EndGlobal
